
Microsoft Visual Studio Solution File, Format Version 12.00
Project("{FAE04EC0-301F-11D3-BF4B-00C04F79EFBC}") = "ApiKeySample", "ApiKeySample\ApiKeySample.csproj", "{F595750C-6D09-42F4-B2E1-1CF296E041E8}"
EndProject
Global
	GlobalSection(SolutionConfigurationPlatforms) = preSolution
		Debug|Any CPU = Debug|Any CPU
		Release|Any CPU = Release|Any CPU
	EndGlobalSection
	GlobalSection(ProjectConfigurationPlatforms) = postSolution
		{F595750C-6D09-42F4-B2E1-1CF296E041E8}.Debug|Any CPU.ActiveCfg = Debug|Any CPU
		{F595750C-6D09-42F4-B2E1-1CF296E041E8}.Debug|Any CPU.Build.0 = Debug|Any CPU
		{F595750C-6D09-42F4-B2E1-1CF296E041E8}.Release|Any CPU.ActiveCfg = Release|Any CPU
		{F595750C-6D09-42F4-B2E1-1CF296E041E8}.Release|Any CPU.Build.0 = Release|Any CPU
	EndGlobalSection
EndGlobal
